
Microsoft Visual Studio Solution File, Format Version 12.00
# Visual Studio Version 17
VisualStudioVersion = 17.12.35527.113 d17.12
MinimumVisualStudioVersion = 10.0.40219.1
Project("{FAE04EC0-301F-11D3-BF4B-00C04F79EFBC}") = "GrpcPersonService", "GrpcPersonService\GrpcPersonService.csproj", "{2FB1DF95-586B-4767-B35E-B6FF4D78D27E}"
EndProject
Project("{FAE04EC0-301F-11D3-BF4B-00C04F79EFBC}") = "GrpPersonService.Tests", "GrpPersonService.Tests\GrpPersonService.Tests.csproj", "{5ADA3357-9839-40FB-867D-7A7BB4E2FB33}"
EndProject
Global
	GlobalSection(SolutionConfigurationPlatforms) = preSolution
		Debug|Any CPU = Debug|Any CPU
		Release|Any CPU = Release|Any CPU
	EndGlobalSection
	GlobalSection(ProjectConfigurationPlatforms) = postSolution
		{2FB1DF95-586B-4767-B35E-B6FF4D78D27E}.Debug|Any CPU.ActiveCfg = Debug|Any CPU
		{2FB1DF95-586B-4767-B35E-B6FF4D78D27E}.Debug|Any CPU.Build.0 = Debug|Any CPU
		{2FB1DF95-586B-4767-B35E-B6FF4D78D27E}.Release|Any CPU.ActiveCfg = Release|Any CPU
		{2FB1DF95-586B-4767-B35E-B6FF4D78D27E}.Release|Any CPU.Build.0 = Release|Any CPU
		{5ADA3357-9839-40FB-867D-7A7BB4E2FB33}.Debug|Any CPU.ActiveCfg = Debug|Any CPU
		{5ADA3357-9839-40FB-867D-7A7BB4E2FB33}.Debug|Any CPU.Build.0 = Debug|Any CPU
		{5ADA3357-9839-40FB-867D-7A7BB4E2FB33}.Release|Any CPU.ActiveCfg = Release|Any CPU
		{5ADA3357-9839-40FB-867D-7A7BB4E2FB33}.Release|Any CPU.Build.0 = Release|Any CPU
	EndGlobalSection
	GlobalSection(SolutionProperties) = preSolution
		HideSolutionNode = FALSE
	EndGlobalSection
EndGlobal
